{
    "_readme": [
        "This file locks the dependencies of your project to a known state",
        "Read more about it at https://getcomposer.org/doc/01-basic-usage.md#installing-dependencies",
        "This file is @generated automatically"
    ],
    "content-hash": "e7161a5d1c62c0305427dfb040d87618",
    "packages": [
        {
            "name": "cbschuld/browser.php",
            "version": "v2.0.0",
            "source": {
                "type": "git",
                "url": "https://github.com/cbschuld/Browser.php.git",
                "reference": "bf4be5f0b2d4d6d4bc328be58b1d9d7397561f82"
            },
            "dist": {
                "type": "zip",
                "url": "https://api.github.com/repos/cbschuld/Browser.php/zipball/bf4be5f0b2d4d6d4bc328be58b1d9d7397561f82",
                "reference": "bf4be5f0b2d4d6d4bc328be58b1d9d7397561f82",
                "shasum": ""
            },
            "require": {
                "php": ">=8.0"
            },
            "require-dev": {
                "phpunit/phpunit": "^9.6"
            },
            "type": "library",
            "autoload": {
                "files": [
                    "legacy/Browser.php"
                ],
                "psr-4": {
                    "cbschuld\\": "src/"
                }
            },
            "notification-url": "https://packagist.org/downloads/",
            "license": [
                "MIT"
            ],
            "authors": [
                {
                    "name": "Chris Schuld",
                    "email": "chris@chrisschuld.com",
                    "homepage": "https://chrisschuld.com"
                }
            ],
            "description": "A PHP Class to detect a user's Browser.  This encapsulation provides a breakdown of the browser and the version of the browser using the browser's user-agent string.  This is not a guaranteed solution but provides an overall accurate way to detect what browser a user is using.",
            "homepage": "https://chrisschuld.com/projects/browser-php-detecting-a-users-browser-from-php/",
            "keywords": [
                "browser",
                "detection",
                "user agent"
            ],
            "support": {
                "issues": "https://github.com/cbschuld/Browser.php/issues",
                "source": "https://github.com/cbschuld/Browser.php"
            },
            "time": "2025-09-04T16:15:06+00:00"
        }
    ],
    "packages-dev": [],
    "aliases": [],
    "minimum-stability": "stable",
    "stability-flags": {},
    "prefer-stable": false,
    "prefer-lowest": false,
    "platform": {
        "php": ">=8.0"
    },
    "platform-dev": {},
    "plugin-api-version": "2.9.0"
}
